Microsoft Visual Studio Solution File, Format Version 12.00
# Visual Studio Version 17
VisualStudioVersion = 17.5.2.0
MinimumVisualStudioVersion = 10.0.40219.1
Project("{9A19103F-16F7-4668-BE54-9A1E7A4F7556}") = "zoplannerservice", "zoplannerservice\zoplannerservice.csproj", "{019CF0BB-8520-44B0-8BF5-19CAE24580E1}"
EndProject
Project("{FAE04EC0-301F-11D3-BF4B-00C04F79EFBC}") = "zoplannerservice.Tests", "zoplannerservice.Tests\zoplannerservice.Tests.csproj", "{C935D9C1-C7BF-4CE5-AB05-9F3F8220A348}"
EndProject
Global
	GlobalSection(SolutionConfigurationPlatforms) = preSolution
		Debug|Any CPU = Debug|Any CPU
		Release|Any CPU = Release|Any CPU
	EndGlobalSection
	GlobalSection(ProjectConfigurationPlatforms) = postSolution
		{019CF0BB-8520-44B0-8BF5-19CAE24580E1}.Debug|Any CPU.ActiveCfg = Debug|Any CPU
		{019CF0BB-8520-44B0-8BF5-19CAE24580E1}.Debug|Any CPU.Build.0 = Debug|Any CPU
		{019CF0BB-8520-44B0-8BF5-19CAE24580E1}.Release|Any CPU.ActiveCfg = Release|Any CPU
		{019CF0BB-8520-44B0-8BF5-19CAE24580E1}.Release|Any CPU.Build.0 = Release|Any CPU
		{C935D9C1-C7BF-4CE5-AB05-9F3F8220A348}.Debug|Any CPU.ActiveCfg = Debug|Any CPU
		{C935D9C1-C7BF-4CE5-AB05-9F3F8220A348}.Debug|Any CPU.Build.0 = Debug|Any CPU
		{C935D9C1-C7BF-4CE5-AB05-9F3F8220A348}.Release|Any CPU.ActiveCfg = Release|Any CPU
		{C935D9C1-C7BF-4CE5-AB05-9F3F8220A348}.Release|Any CPU.Build.0 = Release|Any CPU
	EndGlobalSection
	GlobalSection(SolutionProperties) = preSolution
		HideSolutionNode = FALSE
	EndGlobalSection
	GlobalSection(ExtensibilityGlobals) = postSolution
		SolutionGuid = {9DB3A657-6361-4F09-B6E9-E7677B9431A2}
	EndGlobalSection
EndGlobal
